{
  "name": "pikachu-master",
  "version": "1.0.0",
  "lockfileVersion": 1,
  "requires": true,
  "dependencies": {
    "css.js": {
      "version": "0.2.3",
      "resolved": "https://registry.nlark.com/css.js/download/css.js-0.2.3.tgz",
      "integrity": "sha1-4mfufKM9dHXgklQffHZV73jVTmk="
    }
  }
}
